// !$*UTF8*$!
{
	archiveVersion = 1;
	classes = {
	};
	objectVersion = 46;
	objects = {

/* Begin PBXBuildFile section */
		1EBE47F51E0245BF00907668 /* main.m in Sources */ = {isa = PBXBuildFile; fileRef = 1EBE47F41E0245BF00907668 /* main.m */; };
		1EBE47F81E0245BF00907668 /* AppDelegate.m in Sources */ = {isa = PBXBuildFile; fileRef = 1EBE47F71E0245BF00907668 /* AppDelegate.m */; };
		1EBE47FB1E0245BF00907668 /* ViewController.m in Sources */ = {isa = PBXBuildFile; fileRef = 1EBE47FA1E0245BF00907668 /* ViewController.m */; };
		1EBE47FE1E0245BF00907668 /* Main.storyboard in Resources */ = {isa = PBXBuildFile; fileRef = 1EBE47FC1E0245BF00907668 /* Main.storyboard */; };
		1EBE48001E0245BF00907668 /* Assets.xcassets in Resources */ = {isa = PBXBuildFile; fileRef = 1EBE47FF1E0245BF00907668 /* Assets.xcassets */; };
		1EBE48031E0245BF00907668 /* LaunchScreen.storyboard in Resources */ = {isa = PBXBuildFile; fileRef = 1EBE48011E0245BF00907668 /* LaunchScreen.storyboard */; };
		1EBE480E1E0245BF00907668 /* DTSmallVideoTests.m in Sources */ = {isa = PBXBuildFile; fileRef = 1EBE480D1E0245BF00907668 /* DTSmallVideoTests.m */; };
		1EBE48191E0245BF00907668 /* DTSmallVideoUITests.m in Sources */ = {isa = PBXBuildFile; fileRef = 1EBE48181E0245BF00907668 /* DTSmallVideoUITests.m */; };
/* End PBXBuildFile section */

/* Begin PBXContainerItemProxy section */
		1EBE480A1E0245BF00907668 /* PBXContainerItemProxy */ = {
			isa = PBXContainerItemProxy;
			containerPortal = 1EBE47E81E0245BF00907668 /* Project object */;
			proxyType = 1;
			remoteGlobalIDString = 1EBE47EF1E0245BF00907668;
			remoteInfo = DTSmallVideo;
		};
		1EBE48151E0245BF00907668 /* PBXContainerItemProxy */ = {
			isa = PBXContainerItemProxy;
			containerPortal = 1EBE47E81E0245BF00907668 /* Project object */;
			proxyType = 1;
			remoteGlobalIDString = 1EBE47EF1E0245BF00907668;
			remoteInfo = DTSmallVideo;
		};
/* End PBXContainerItemProxy section */

/* Begin PBXFileReference section */
		1EBE47F01E0245BF00907668 /* DTSmallVideo.app */ = {isa = PBXFileReference; explicitFileType = wrapper.application; includeInIndex = 0; path = DTSmallVideo.app; sourceTree = BUILT_PRODUCTS_DIR; };
		1EBE47F41E0245BF00907668 /* main.m */ = {isa = PBXFileReference; lastKnownFileType = sourcecode.c.objc; path = main.m; sourceTree = "<group>"; };
		1EBE47F61E0245BF00907668 /* AppDelegate.h */ = {isa = PBXFileReference; lastKnownFileType = sourcecode.c.h; path = AppDelegate.h; sourceTree = "<group>"; };
		1EBE47F71E0245BF00907668 /* AppDelegate.m */ = {isa = PBXFileReference; lastKnownFileType = sourcecode.c.objc; path = AppDelegate.m; sourceTree = "<group>"; };
		1EBE47F91E0245BF00907668 /* ViewController.h */ = {isa = PBXFileReference; lastKnownFileType = sourcecode.c.h; path = ViewController.h; sourceTree = "<group>"; };
		1EBE47FA1E0245BF00907668 /* ViewController.m */ = {isa = PBXFileReference; lastKnownFileType = sourcecode.c.objc; path = ViewController.m; sourceTree = "<group>"; };
		1EBE47FD1E0245BF00907668 /* Base */ = {isa = PBXFileReference; lastKnownFileType = file.storyboard; name = Base; path = Base.lproj/Main.storyboard; sourceTree = "<group>"; };
		1EBE47FF1E0245BF00907668 /* Assets.xcassets */ = {isa = PBXFileReference; lastKnownFileType = folder.assetcatalog; path = Assets.xcassets; sourceTree = "<group>"; };
		1EBE48021E0245BF00907668 /* Base */ = {isa = PBXFileReference; lastKnownFileType = file.storyboard; name = Base; path = Base.lproj/LaunchScreen.storyboard; sourceTree = "<group>"; };
		1EBE48041E0245BF00907668 /* Info.plist */ = {isa = PBXFileReference; lastKnownFileType = text.plist.xml; path = Info.plist; sourceTree = "<group>"; };
		1EBE48091E0245BF00907668 /* DTSmallVideoTests.xctest */ = {isa = PBXFileReference; explicitFileType = wrapper.cfbundle; includeInIndex = 0; path = DTSmallVideoTests.xctest; sourceTree = BUILT_PRODUCTS_DIR; };
		1EBE480D1E0245BF00907668 /* DTSmallVideoTests.m */ = {isa = PBXFileReference; lastKnownFileType = sourcecode.c.objc; path = DTSmallVideoTests.m; sourceTree = "<group>"; };
		1EBE480F1E0245BF00907668 /* Info.plist */ = {isa = PBXFileReference; lastKnownFileType = text.plist.xml; path = Info.plist; sourceTree = "<group>"; };
		1EBE48141E0245BF00907668 /* DTSmallVideoUITests.xctest */ = {isa = PBXFileReference; explicitFileType = wrapper.cfbundle; includeInIndex = 0; path = DTSmallVideoUITests.xctest; sourceTree = BUILT_PRODUCTS_DIR; };
		1EBE48181E0245BF00907668 /* DTSmallVideoUITests.m */ = {isa = PBXFileReference; lastKnownFileType = sourcecode.c.objc; path = DTSmallVideoUITests.m; sourceTree = "<group>"; };
		1EBE481A1E0245BF00907668 /* Info.plist */ = {isa = PBXFileReference; lastKnownFileType = text.plist.xml; path = Info.plist; sourceTree = "<group>"; };
/* End PBXFileReference section */

/* Begin PBXFrameworksBuildPhase section */
		1EBE47ED1E0245BF00907668 /* Frameworks */ = {
			isa = PBXFrameworksBuildPhase;
			buildActionMask = 2147483647;
			files = (
			);
			runOnlyForDeploymentPostprocessing = 0;
		};
		1EBE48061E0245BF00907668 /* Frameworks */ = {
			isa = PBXFrameworksBuildPhase;
			buildActionMask = 2147483647;
			files = (
			);
			runOnlyForDeploymentPostprocessing = 0;
		};
		1EBE48111E0245BF00907668 /* Frameworks */ = {
			isa = PBXFrameworksBuildPhase;
			buildActionMask = 2147483647;
			files = (
			);
			runOnlyForDeploymentPostprocessing = 0;
		};
/* End PBXFrameworksBuildPhase section */

/* Begin PBXGroup section */
		1EBE47E71E0245BF00907668 = {
			isa = PBXGroup;
			children = (
				1EBE47F21E0245BF00907668 /* DTSmallVideo */,
				1EBE480C1E0245BF00907668 /* DTSmallVideoTests */,
				1EBE48171E0245BF00907668 /* DTSmallVideoUITests */,
				1EBE47F11E0245BF00907668 /* Products */,
			);
			sourceTree = "<group>";
		};
		1EBE47F11E0245BF00907668 /* Products */ = {
			isa = PBXGroup;
			children = (
				1EBE47F01E0245BF00907668 /* DTSmallVideo.app */,
				1EBE48091E0245BF00907668 /* DTSmallVideoTests.xctest */,
				1EBE48141E0245BF00907668 /* DTSmallVideoUITests.xctest */,
			);
			name = Products;
			sourceTree = "<group>";
		};
		1EBE47F21E0245BF00907668 /* DTSmallVideo */ = {
			isa = PBXGroup;
			children = (
				1EBE47F61E0245BF00907668 /* AppDelegate.h */,
				1EBE47F71E0245BF00907668 /* AppDelegate.m */,
				1EBE47F91E0245BF00907668 /* ViewController.h */,
				1EBE47FA1E0245BF00907668 /* ViewController.m */,
				1EBE47FC1E0245BF00907668 /* Main.storyboard */,
				1EBE47FF1E0245BF00907668 /* Assets.xcassets */,
				1EBE48011E0245BF00907668 /* LaunchScreen.storyboard */,
				1EBE48041E0245BF00907668 /* Info.plist */,
				1EBE47F31E0245BF00907668 /* Supporting Files */,
			);
			path = DTSmallVideo;
			sourceTree = "<group>";
		};
		1EBE47F31E0245BF00907668 /* Supporting Files */ = {
			isa = PBXGroup;
			children = (
				1EBE47F41E0245BF00907668 /* main.m */,
			);
			name = "Supporting Files";
			sourceTree = "<group>";
		};
		1EBE480C1E0245BF00907668 /* DTSmallVideoTests */ = {
			isa = PBXGroup;
			children = (
				1EBE480D1E0245BF00907668 /* DTSmallVideoTests.m */,
				1EBE480F1E0245BF00907668 /* Info.plist */,
			);
			path = DTSmallVideoTests;
			sourceTree = "<group>";
		};
		1EBE48171E0245BF00907668 /* DTSmallVideoUITests */ = {
			isa = PBXGroup;
			children = (
				1EBE48181E0245BF00907668 /* DTSmallVideoUITests.m */,
				1EBE481A1E0245BF00907668 /* Info.plist */,
			);
			path = DTSmallVideoUITests;
			sourceTree = "<group>";
		};
/* End PBXGroup section */

/* Begin PBXNativeTarget section */
		1EBE47EF1E0245BF00907668 /* DTSmallVideo */ = {
			isa = PBXNativeTarget;
			buildConfigurationList = 1EBE481D1E0245BF00907668 /* Build configuration list for PBXNativeTarget "DTSmallVideo" */;
			buildPhases = (
				1EBE47EC1E0245BF00907668 /* Sources */,
				1EBE47ED1E0245BF00907668 /* Frameworks */,
				1EBE47EE1E0245BF00907668 /* Resources */,
			);
			buildRules = (
			);
			dependencies = (
			);
			name = DTSmallVideo;
			productName = DTSmallVideo;
			productReference = 1EBE47F01E0245BF00907668 /* DTSmallVideo.app */;
			productType = "com.apple.product-type.application";
		};
		1EBE48081E0245BF00907668 /* DTSmallVideoTests */ = {
			isa = PBXNativeTarget;
			buildConfigurationList = 1EBE48201E0245BF00907668 /* Build configuration list for PBXNativeTarget "DTSmallVideoTests" */;
			buildPhases = (
				1EBE48051E0245BF00907668 /* Sources */,
				1EBE48061E0245BF00907668 /* Frameworks */,
				1EBE48071E0245BF00907668 /* Resources */,
			);
			buildRules = (
			);
			dependencies = (
				1EBE480B1E0245BF00907668 /* PBXTargetDependency */,
			);
			name = DTSmallVideoTests;
			productName = DTSmallVideoTests;
			productReference = 1EBE48091E0245BF00907668 /* DTSmallVideoTests.xctest */;
			productType = "com.apple.product-type.bundle.unit-test";
		};
		1EBE48131E0245BF00907668 /* DTSmallVideoUITests */ = {
			isa = PBXNativeTarget;
			buildConfigurationList = 1EBE48231E0245BF00907668 /* Build configuration list for PBXNativeTarget "DTSmallVideoUITests" */;
			buildPhases = (
				1EBE48101E0245BF00907668 /* Sources */,
				1EBE48111E0245BF00907668 /* Frameworks */,
				1EBE48121E0245BF00907668 /* Resources */,
			);
			buildRules = (
			);
			dependencies = (
				1EBE48161E0245BF00907668 /* PBXTargetDependency */,
			);
			name = DTSmallVideoUITests;
			productName = DTSmallVideoUITests;
			productReference = 1EBE48141E0245BF00907668 /* DTSmallVideoUITests.xctest */;
			productType = "com.apple.product-type.bundle.ui-testing";
		};
/* End PBXNativeTarget section */

/* Begin PBXProject section */
		1EBE47E81E0245BF00907668 /* Project object */ = {
			isa = PBXProject;
			attributes = {
				LastUpgradeCheck = 0820;
				ORGANIZATIONNAME = "quan cui";
				TargetAttributes = {
					1EBE47EF1E0245BF00907668 = {
						CreatedOnToolsVersion = 8.2;
						DevelopmentTeam = 2KHTZC94G5;
						ProvisioningStyle = Automatic;
					};
					1EBE48081E0245BF00907668 = {
						CreatedOnToolsVersion = 8.2;
						DevelopmentTeam = 2KHTZC94G5;
						ProvisioningStyle = Automatic;
						TestTargetID = 1EBE47EF1E0245BF00907668;
					};
					1EBE48131E0245BF00907668 = {
						CreatedOnToolsVersion = 8.2;
						DevelopmentTeam = 2KHTZC94G5;
						ProvisioningStyle = Automatic;
						TestTargetID = 1EBE47EF1E0245BF00907668;
					};
				};
			};
			buildConfigurationList = 1EBE47EB1E0245BF00907668 /* Build configuration list for PBXProject "DTSmallVideo" */;
			compatibilityVersion = "Xcode 3.2";
			developmentRegion = English;
			hasScannedForEncodings = 0;
			knownRegions = (
				en,
				Base,
			);
			mainGroup = 1EBE47E71E0245BF00907668;
			productRefGroup = 1EBE47F11E0245BF00907668 /* Products */;
			projectDirPath = "";
			projectRoot = "";
			targets = (
				1EBE47EF1E0245BF00907668 /* DTSmallVideo */,
				1EBE48081E0245BF00907668 /* DTSmallVideoTests */,
				1EBE48131E0245BF00907668 /* DTSmallVideoUITests */,
			);
		};
/* End PBXProject section */

/* Begin PBXResourcesBuildPhase section */
		1EBE47EE1E0245BF00907668 /* Resources */ = {
			isa = PBXResourcesBuildPhase;
			buildActionMask = 2147483647;
			files = (
				1EBE48031E0245BF00907668 /* LaunchScreen.storyboard in Resources */,
				1EBE48001E0245BF00907668 /* Assets.xcassets in Resources */,
				1EBE47FE1E0245BF00907668 /* Main.storyboard in Resources */,
			);
			runOnlyForDeploymentPostprocessing = 0;
		};
		1EBE48071E0245BF00907668 /* Resources */ = {
			isa = PBXResourcesBuildPhase;
			buildActionMask = 2147483647;
			files = (
			);
			runOnlyForDeploymentPostprocessing = 0;
		};
		1EBE48121E0245BF00907668 /* Resources */ = {
			isa = PBXResourcesBuildPhase;
			buildActionMask = 2147483647;
			files = (
			);
			runOnlyForDeploymentPostprocessing = 0;
		};
/* End PBXResourcesBuildPhase section */

/* Begin PBXSourcesBuildPhase section */
		1EBE47EC1E0245BF00907668 /* Sources */ = {
			isa = PBXSourcesBuildPhase;
			buildActionMask = 2147483647;
			files = (
				1EBE47FB1E0245BF00907668 /* ViewController.m in Sources */,
				1EBE47F81E0245BF00907668 /* AppDelegate.m in Sources */,
				1EBE47F51E0245BF00907668 /* main.m in Sources */,
			);
			runOnlyForDeploymentPostprocessing = 0;
		};
		1EBE48051E0245BF00907668 /* Sources */ = {
			isa = PBXSourcesBuildPhase;
			buildActionMask = 2147483647;
			files = (
				1EBE480E1E0245BF00907668 /* DTSmallVideoTests.m in Sources */,
			);
			runOnlyForDeploymentPostprocessing = 0;
		};
		1EBE48101E0245BF00907668 /* Sources */ = {
			isa = PBXSourcesBuildPhase;
			buildActionMask = 2147483647;
			files = (
				1EBE48191E0245BF00907668 /* DTSmallVideoUITests.m in Sources */,
			);
			runOnlyForDeploymentPostprocessing = 0;
		};
/* End PBXSourcesBuildPhase section */

/* Begin PBXTargetDependency section */
		1EBE480B1E0245BF00907668 /* PBXTargetDependency */ = {
			isa = PBXTargetDependency;
			target = 1EBE47EF1E0245BF00907668 /* DTSmallVideo */;
			targetProxy = 1EBE480A1E0245BF00907668 /* PBXContainerItemProxy */;
		};
		1EBE48161E0245BF00907668 /* PBXTargetDependency */ = {
			isa = PBXTargetDependency;
			target = 1EBE47EF1E0245BF00907668 /* DTSmallVideo */;
			targetProxy = 1EBE48151E0245BF00907668 /* PBXContainerItemProxy */;
		};
/* End PBXTargetDependency section */

/* Begin PBXVariantGroup section */
		1EBE47FC1E0245BF00907668 /* Main.storyboard */ = {
			isa = PBXVariantGroup;
			children = (
				1EBE47FD1E0245BF00907668 /* Base */,
			);
			name = Main.storyboard;
			sourceTree = "<group>";
		};
		1EBE48011E0245BF00907668 /* LaunchScreen.storyboard */ = {
			isa = PBXVariantGroup;
			children = (
				1EBE48021E0245BF00907668 /* Base */,
			);
			name = LaunchScreen.storyboard;
			sourceTree = "<group>";
		};
/* End PBXVariantGroup section */

/* Begin XCBuildConfiguration section */
		1EBE481B1E0245BF00907668 /* Debug */ = {
			isa = XCBuildConfiguration;
			buildSettings = {
				ALWAYS_SEARCH_USER_PATHS = NO;
				CLANG_ANALYZER_NONNULL = YES;
				CLANG_CXX_LANGUAGE_STANDARD = "gnu++0x";
				CLANG_CXX_LIBRARY = "libc++";
				CLANG_ENABLE_MODULES = YES;
				CLANG_ENABLE_OBJC_ARC = YES;
				CLANG_WARN_BOOL_CONVERSION = YES;
				CLANG_WARN_CONSTANT_CONVERSION = YES;
				CLANG_WARN_DIRECT_OBJC_ISA_USAGE = YES_ERROR;
				CLANG_WARN_DOCUMENTATION_COMMENTS = YES;
				CLANG_WARN_EMPTY_BODY = YES;
				CLANG_WARN_ENUM_CONVERSION = YES;
				CLANG_WARN_INFINITE_RECURSION = YES;
				CLANG_WARN_INT_CONVERSION = YES;
				CLANG_WARN_OBJC_ROOT_CLASS = YES_ERROR;
				CLANG_WARN_SUSPICIOUS_MOVE = YES;
				CLANG_WARN_UNREACHABLE_CODE = YES;
				CLANG_WARN__DUPLICATE_METHOD_MATCH = YES;
				"CODE_SIGN_IDENTITY[sdk=iphoneos*]" = "iPhone Developer";
				COPY_PHASE_STRIP = NO;
				DEBUG_INFORMATION_FORMAT = dwarf;
				ENABLE_STRICT_OBJC_MSGSEND = YES;
				ENABLE_TESTABILITY = YES;
				GCC_C_LANGUAGE_STANDARD = gnu99;
				GCC_DYNAMIC_NO_PIC = NO;
				GCC_NO_COMMON_BLOCKS = YES;
				GCC_OPTIMIZATION_LEVEL = 0;
				GCC_PREPROCESSOR_DEFINITIONS = (
					"DEBUG=1",
					"$(inherited)",
				);
				GCC_WARN_64_TO_32_BIT_CONVERSION = YES;
				GCC_WARN_ABOUT_RETURN_TYPE = YES_ERROR;
				GCC_WARN_UNDECLARED_SELECTOR = YES;
				GCC_WARN_UNINITIALIZED_AUTOS = YES_AGGRESSIVE;
				GCC_WARN_UNUSED_FUNCTION = YES;
				GCC_WARN_UNUSED_VARIABLE = YES;
				IPHONEOS_DEPLOYMENT_TARGET = 10.2;
				MTL_ENABLE_DEBUG_INFO = YES;
				ONLY_ACTIVE_ARCH = YES;
				SDKROOT = iphoneos;
				TARGETED_DEVICE_FAMILY = "1,2";
			};
			name = Debug;
		};
		1EBE481C1E0245BF00907668 /* Release */ = {
			isa = XCBuildConfiguration;
			buildSettings = {
				ALWAYS_SEARCH_USER_PATHS = NO;
				CLANG_ANALYZER_NONNULL = YES;
				CLANG_CXX_LANGUAGE_STANDARD = "gnu++0x";
				CLANG_CXX_LIBRARY = "libc++";
				CLANG_ENABLE_MODULES = YES;
				CLANG_ENABLE_OBJC_ARC = YES;
				CLANG_WARN_BOOL_CONVERSION = YES;
				CLANG_WARN_CONSTANT_CONVERSION = YES;
				CLANG_WARN_DIRECT_OBJC_ISA_USAGE = YES_ERROR;
				CLANG_WARN_DOCUMENTATION_COMMENTS = YES;
				CLANG_WARN_EMPTY_BODY = YES;
				CLANG_WARN_ENUM_CONVERSION = YES;
				CLANG_WARN_INFINITE_RECURSION = YES;
				CLANG_WARN_INT_CONVERSION = YES;
				CLANG_WARN_OBJC_ROOT_CLASS = YES_ERROR;
				CLANG_WARN_SUSPICIOUS_MOVE = YES;
				CLANG_WARN_UNREACHABLE_CODE = YES;
				CLANG_WARN__DUPLICATE_METHOD_MATCH = YES;
				"CODE_SIGN_IDENTITY[sdk=iphoneos*]" = "iPhone Developer";
				COPY_PHASE_STRIP = NO;
				DEBUG_INFORMATION_FORMAT = "dwarf-with-dsym";
				ENABLE_NS_ASSERTIONS = NO;
				ENABLE_STRICT_OBJC_MSGSEND = YES;
				GCC_C_LANGUAGE_STANDARD = gnu99;
				GCC_NO_COMMON_BLOCKS = YES;
				GCC_WARN_64_TO_32_BIT_CONVERSION = YES;
				GCC_WARN_ABOUT_RETURN_TYPE = YES_ERROR;
				GCC_WARN_UNDECLARED_SELECTOR = YES;
				GCC_WARN_UNINITIALIZED_AUTOS = YES_AGGRESSIVE;
				GCC_WARN_UNUSED_FUNCTION = YES;
				GCC_WARN_UNUSED_VARIABLE = YES;
				IPHONEOS_DEPLOYMENT_TARGET = 10.2;
				MTL_ENABLE_DEBUG_INFO = NO;
				SDKROOT = iphoneos;
				TARGETED_DEVICE_FAMILY = "1,2";
				VALIDATE_PRODUCT = YES;
			};
			name = Release;
		};
		1EBE481E1E0245BF00907668 /* Debug */ = {
			isa = XCBuildConfiguration;
			buildSettings = {
				ASSETCATALOG_COMPILER_APPICON_NAME = AppIcon;
				DEVELOPMENT_TEAM = 2KHTZC94G5;
				INFOPLIST_FILE = DTSmallVideo/Info.plist;
				LD_RUNPATH_SEARCH_PATHS = "$(inherited) @executable_path/Frameworks";
				PRODUCT_BUNDLE_IDENTIFIER = "DreamTree-Tech.DTSmallVideo";
				PRODUCT_NAME = "$(TARGET_NAME)";
			};
			name = Debug;
		};
		1EBE481F1E0245BF00907668 /* Release */ = {
			isa = XCBuildConfiguration;
			buildSettings = {
				ASSETCATALOG_COMPILER_APPICON_NAME = AppIcon;
				DEVELOPMENT_TEAM = 2KHTZC94G5;
				INFOPLIST_FILE = DTSmallVideo/Info.plist;
				LD_RUNPATH_SEARCH_PATHS = "$(inherited) @executable_path/Frameworks";
				PRODUCT_BUNDLE_IDENTIFIER = "DreamTree-Tech.DTSmallVideo";
				PRODUCT_NAME = "$(TARGET_NAME)";
			};
			name = Release;
		};
		1EBE48211E0245BF00907668 /* Debug */ = {
			isa = XCBuildConfiguration;
			buildSettings = {
				BUNDLE_LOADER = "$(TEST_HOST)";
				DEVELOPMENT_TEAM = 2KHTZC94G5;
				INFOPLIST_FILE = DTSmallVideoTests/Info.plist;
				LD_RUNPATH_SEARCH_PATHS = "$(inherited) @executable_path/Frameworks @loader_path/Frameworks";
				PRODUCT_BUNDLE_IDENTIFIER = "DreamTree-Tech.DTSmallVideoTests";
				PRODUCT_NAME = "$(TARGET_NAME)";
				TEST_HOST = "$(BUILT_PRODUCTS_DIR)/DTSmallVideo.app/DTSmallVideo";
			};
			name = Debug;
		};
		1EBE48221E0245BF00907668 /* Release */ = {
			isa = XCBuildConfiguration;
			buildSettings = {
				BUNDLE_LOADER = "$(TEST_HOST)";
				DEVELOPMENT_TEAM = 2KHTZC94G5;
				INFOPLIST_FILE = DTSmallVideoTests/Info.plist;
				LD_RUNPATH_SEARCH_PATHS = "$(inherited) @executable_path/Frameworks @loader_path/Frameworks";
				PRODUCT_BUNDLE_IDENTIFIER = "DreamTree-Tech.DTSmallVideoTests";
				PRODUCT_NAME = "$(TARGET_NAME)";
				TEST_HOST = "$(BUILT_PRODUCTS_DIR)/DTSmallVideo.app/DTSmallVideo";
			};
			name = Release;
		};
		1EBE48241E0245BF00907668 /* Debug */ = {
			isa = XCBuildConfiguration;
			buildSettings = {
				DEVELOPMENT_TEAM = 2KHTZC94G5;
				INFOPLIST_FILE = DTSmallVideoUITests/Info.plist;
				LD_RUNPATH_SEARCH_PATHS = "$(inherited) @executable_path/Frameworks @loader_path/Frameworks";
				PRODUCT_BUNDLE_IDENTIFIER = "DreamTree-Tech.DTSmallVideoUITests";
				PRODUCT_NAME = "$(TARGET_NAME)";
				TEST_TARGET_NAME = DTSmallVideo;
			};
			name = Debug;
		};
		1EBE48251E0245BF00907668 /* Release */ = {
			isa = XCBuildConfiguration;
			buildSettings = {
				DEVELOPMENT_TEAM = 2KHTZC94G5;
				INFOPLIST_FILE = DTSmallVideoUITests/Info.plist;
				LD_RUNPATH_SEARCH_PATHS = "$(inherited) @executable_path/Frameworks @loader_path/Frameworks";
				PRODUCT_BUNDLE_IDENTIFIER = "DreamTree-Tech.DTSmallVideoUITests";
				PRODUCT_NAME = "$(TARGET_NAME)";
				TEST_TARGET_NAME = DTSmallVideo;
			};
			name = Release;
		};
/* End XCBuildConfiguration section */

/* Begin XCConfigurationList section */
		1EBE47EB1E0245BF00907668 /* Build configuration list for PBXProject "DTSmallVideo" */ = {
			isa = XCConfigurationList;
			buildConfigurations = (
				1EBE481B1E0245BF00907668 /* Debug */,
				1EBE481C1E0245BF00907668 /* Release */,
			);
			defaultConfigurationIsVisible = 0;
			defaultConfigurationName = Release;
		};
		1EBE481D1E0245BF00907668 /* Build configuration list for PBXNativeTarget "DTSmallVideo" */ = {
			isa = XCConfigurationList;
			buildConfigurations = (
				1EBE481E1E0245BF00907668 /* Debug */,
				1EBE481F1E0245BF00907668 /* Release */,
			);
			defaultConfigurationIsVisible = 0;
		};
		1EBE48201E0245BF00907668 /* Build configuration list for PBXNativeTarget "DTSmallVideoTests" */ = {
			isa = XCConfigurationList;
			buildConfigurations = (
				1EBE48211E0245BF00907668 /* Debug */,
				1EBE48221E0245BF00907668 /* Release */,
			);
			defaultConfigurationIsVisible = 0;
		};
		1EBE48231E0245BF00907668 /* Build configuration list for PBXNativeTarget "DTSmallVideoUITests" */ = {
			isa = XCConfigurationList;
			buildConfigurations = (
				1EBE48241E0245BF00907668 /* Debug */,
				1EBE48251E0245BF00907668 /* Release */,
			);
			defaultConfigurationIsVisible = 0;
		};
/* End XCConfigurationList section */
	};
	rootObject = 1EBE47E81E0245BF00907668 /* Project object */;
}
